{
  "requires": true,
  "lockfileVersion": 1,
  "dependencies": {
    "sweetalert2": {
      "version": "9.1.3",
      "resolved": "https://registry.npmjs.org/sweetalert2/-/sweetalert2-9.1.3.tgz",
      "integrity": "sha512-iSr47TwcJzwro4KonUBJ1K7gRKj/skRJg8JxSXXACgZO2kldUUrSjPhyEqr5HNg9EzctkKgK02pzGXQ6IqT7kQ=="
    }
  }
}
